
Microsoft Visual Studio Solution File, Format Version 11.00
# Visual Studio 2010
Project("{FAE04EC0-301F-11D3-BF4B-00C04F79EFBC}") = "Foxby.Core", "src\Foxby.Core\Foxby.Core.csproj", "{8826F774-A0F0-46BC-8089-90F947485ECE}"
EndProject
Project("{FAE04EC0-301F-11D3-BF4B-00C04F79EFBC}") = "Foxby.Core.Tests", "src\Foxby.Core.Tests\Foxby.Core.Tests.csproj", "{C25FFBAC-8F07-491D-B14F-7AB1EEF6DAEE}"
EndProject
Project("{2150E333-8FDC-42A3-9474-1A3956D46DE8}") = "build", "build", "{2B717965-9FBE-49D6-8674-AF021E82D920}"
	ProjectSection(SolutionItems) = preProject
		build\package.nuspec = build\package.nuspec
		build\teamcity.build = build\teamcity.build
	EndProjectSection
EndProject
Project("{2150E333-8FDC-42A3-9474-1A3956D46DE8}") = "Solution Items", "Solution Items", "{18A6A18E-5C30-4DDE-80FA-30702FA1CAF2}"
	ProjectSection(SolutionItems) = preProject
		src\Solution Items\GlobalAssemblyInfo.cs = src\Solution Items\GlobalAssemblyInfo.cs
	EndProjectSection
EndProject
Global
	GlobalSection(SolutionConfigurationPlatforms) = preSolution
		Debug|Any CPU = Debug|Any CPU
		Release|Any CPU = Release|Any CPU
	EndGlobalSection
	GlobalSection(ProjectConfigurationPlatforms) = postSolution
		{8826F774-A0F0-46BC-8089-90F947485ECE}.Debug|Any CPU.ActiveCfg = Debug|Any CPU
		{8826F774-A0F0-46BC-8089-90F947485ECE}.Debug|Any CPU.Build.0 = Debug|Any CPU
		{8826F774-A0F0-46BC-8089-90F947485ECE}.Release|Any CPU.ActiveCfg = Release|Any CPU
		{8826F774-A0F0-46BC-8089-90F947485ECE}.Release|Any CPU.Build.0 = Release|Any CPU
		{C25FFBAC-8F07-491D-B14F-7AB1EEF6DAEE}.Debug|Any CPU.ActiveCfg = Debug|Any CPU
		{C25FFBAC-8F07-491D-B14F-7AB1EEF6DAEE}.Debug|Any CPU.Build.0 = Debug|Any CPU
		{C25FFBAC-8F07-491D-B14F-7AB1EEF6DAEE}.Release|Any CPU.ActiveCfg = Release|Any CPU
		{C25FFBAC-8F07-491D-B14F-7AB1EEF6DAEE}.Release|Any CPU.Build.0 = Release|Any CPU
	EndGlobalSection
	GlobalSection(SolutionProperties) = preSolution
		HideSolutionNode = FALSE
	EndGlobalSection
EndGlobal
