
Microsoft Visual Studio Solution File, Format Version 12.00
# Visual Studio 2012
Project("{FAE04EC0-301F-11D3-BF4B-00C04F79EFBC}") = "TabulaRasa", "src\Foxby.Core\TabulaRasa.csproj", "{8826F774-A0F0-46BC-8089-90F947485ECE}"
EndProject
Project("{FAE04EC0-301F-11D3-BF4B-00C04F79EFBC}") = "TabulaRasa.Tests", "src\Foxby.Core.Tests\TabulaRasa.Tests.csproj", "{C25FFBAC-8F07-491D-B14F-7AB1EEF6DAEE}"
EndProject
Project("{2150E333-8FDC-42A3-9474-1A3956D46DE8}") = ".nuget", ".nuget", "{CF6B906E-E19F-4B09-B7F8-B29EC832AB1E}"
	ProjectSection(SolutionItems) = preProject
		.nuget\NuGet.Config = .nuget\NuGet.Config
		.nuget\NuGet.exe = .nuget\NuGet.exe
		.nuget\NuGet.targets = .nuget\NuGet.targets
	EndProjectSection
EndProject
Project("{2150E333-8FDC-42A3-9474-1A3956D46DE8}") = ".nuspec", ".nuspec", "{57F9A89A-707D-49E1-9D70-93BB700A3F2A}"
	ProjectSection(SolutionItems) = preProject
		src\Foxby.Core\TabulaRasa.nuspec = src\Foxby.Core\TabulaRasa.nuspec
	EndProjectSection
EndProject
Global
	GlobalSection(SolutionConfigurationPlatforms) = preSolution
		Debug|Any CPU = Debug|Any CPU
		Release|Any CPU = Release|Any CPU
	EndGlobalSection
	GlobalSection(ProjectConfigurationPlatforms) = postSolution
		{8826F774-A0F0-46BC-8089-90F947485ECE}.Debug|Any CPU.ActiveCfg = Debug|Any CPU
		{8826F774-A0F0-46BC-8089-90F947485ECE}.Debug|Any CPU.Build.0 = Debug|Any CPU
		{8826F774-A0F0-46BC-8089-90F947485ECE}.Release|Any CPU.ActiveCfg = Release|Any CPU
		{8826F774-A0F0-46BC-8089-90F947485ECE}.Release|Any CPU.Build.0 = Release|Any CPU
		{C25FFBAC-8F07-491D-B14F-7AB1EEF6DAEE}.Debug|Any CPU.ActiveCfg = Debug|Any CPU
		{C25FFBAC-8F07-491D-B14F-7AB1EEF6DAEE}.Debug|Any CPU.Build.0 = Debug|Any CPU
		{C25FFBAC-8F07-491D-B14F-7AB1EEF6DAEE}.Release|Any CPU.ActiveCfg = Release|Any CPU
		{C25FFBAC-8F07-491D-B14F-7AB1EEF6DAEE}.Release|Any CPU.Build.0 = Release|Any CPU
	EndGlobalSection
	GlobalSection(SolutionProperties) = preSolution
		HideSolutionNode = FALSE
	EndGlobalSection
EndGlobal
